
Microsoft Visual Studio Solution File, Format Version 12.00
# Visual Studio Version 16
VisualStudioVersion = 16.0.30804.86
MinimumVisualStudioVersion = 10.0.40219.1
Project("{FAE04EC0-301F-11D3-BF4B-00C04F79EFBC}") = "BeeStatusChecker", "BeeStatusChecker\BeeStatusChecker.csproj", "{3F4B6B81-8A4F-4869-8ACE-135FF4BD6991}"
EndProject
Project("{9A19103F-16F7-4668-BE54-9A1E7A4F7556}") = "BeeLib", "BeeLib\BeeLib.csproj", "{9DF8566C-020D-4C94-9C22-DCFF52FB6CCC}"
EndProject
Project("{FAE04EC0-301F-11D3-BF4B-00C04F79EFBC}") = "BeeHive", "BeeHive\BeeHive.csproj", "{BBE51BB5-7ACB-4AC7-8566-700161A5A3E6}"
EndProject
Global
	GlobalSection(SolutionConfigurationPlatforms) = preSolution
		Debug|Any CPU = Debug|Any CPU
		Release|Any CPU = Release|Any CPU
	EndGlobalSection
	GlobalSection(ProjectConfigurationPlatforms) = postSolution
		{3F4B6B81-8A4F-4869-8ACE-135FF4BD6991}.Debug|Any CPU.ActiveCfg = Debug|Any CPU
		{3F4B6B81-8A4F-4869-8ACE-135FF4BD6991}.Debug|Any CPU.Build.0 = Debug|Any CPU
		{3F4B6B81-8A4F-4869-8ACE-135FF4BD6991}.Release|Any CPU.ActiveCfg = Release|Any CPU
		{3F4B6B81-8A4F-4869-8ACE-135FF4BD6991}.Release|Any CPU.Build.0 = Release|Any CPU
		{9DF8566C-020D-4C94-9C22-DCFF52FB6CCC}.Debug|Any CPU.ActiveCfg = Debug|Any CPU
		{9DF8566C-020D-4C94-9C22-DCFF52FB6CCC}.Debug|Any CPU.Build.0 = Debug|Any CPU
		{9DF8566C-020D-4C94-9C22-DCFF52FB6CCC}.Release|Any CPU.ActiveCfg = Release|Any CPU
		{9DF8566C-020D-4C94-9C22-DCFF52FB6CCC}.Release|Any CPU.Build.0 = Release|Any CPU
		{BBE51BB5-7ACB-4AC7-8566-700161A5A3E6}.Debug|Any CPU.ActiveCfg = Debug|Any CPU
		{BBE51BB5-7ACB-4AC7-8566-700161A5A3E6}.Debug|Any CPU.Build.0 = Debug|Any CPU
		{BBE51BB5-7ACB-4AC7-8566-700161A5A3E6}.Release|Any CPU.ActiveCfg = Release|Any CPU
		{BBE51BB5-7ACB-4AC7-8566-700161A5A3E6}.Release|Any CPU.Build.0 = Release|Any CPU
	EndGlobalSection
	GlobalSection(SolutionProperties) = preSolution
		HideSolutionNode = FALSE
	EndGlobalSection
	GlobalSection(ExtensibilityGlobals) = postSolution
		SolutionGuid = {594F7136-FEC9-4B4A-872E-D49D631D5065}
	EndGlobalSection
EndGlobal
